// !$*UTF8*$!
{
	archiveVersion = 1;
	classes = {
	};
	objectVersion = 56;
	objects = {

/* Begin PBXBuildFile section */
		1F3D90522B5995F2007DBA3F /* AppDelegate.swift in Sources */ = {isa = PBXBuildFile; fileRef = 1F3D90512B5995F2007DBA3F /* AppDelegate.swift */; };
		1F3D90542B5995F2007DBA3F /* SceneDelegate.swift in Sources */ = {isa = PBXBuildFile; fileRef = 1F3D90532B5995F2007DBA3F /* SceneDelegate.swift */; };
		1F3D90562B5995F2007DBA3F /* ViewController.swift in Sources */ = {isa = PBXBuildFile; fileRef = 1F3D90552B5995F2007DBA3F /* ViewController.swift */; };
		1F3D90592B5995F2007DBA3F /* Main.storyboard in Resources */ = {isa = PBXBuildFile; fileRef = 1F3D90572B5995F2007DBA3F /* Main.storyboard */; };
		1F3D905B2B5995F9007DBA3F /* Assets.xcassets in Resources */ = {isa = PBXBuildFile; fileRef = 1F3D905A2B5995F9007DBA3F /* Assets.xcassets */; };
		1F3D905E2B5995F9007DBA3F /* LaunchScreen.storyboard in Resources */ = {isa = PBXBuildFile; fileRef = 1F3D905C2B5995F9007DBA3F /* LaunchScreen.storyboard */; };
		1F3D90692B5995F9007DBA3F /* Movie_SearchTests.swift in Sources */ = {isa = PBXBuildFile; fileRef = 1F3D90682B5995F9007DBA3F /* Movie_SearchTests.swift */; };
		1F3D90732B5995F9007DBA3F /* Movie_SearchUITests.swift in Sources */ = {isa = PBXBuildFile; fileRef = 1F3D90722B5995F9007DBA3F /* Movie_SearchUITests.swift */; };
		1F3D90752B5995F9007DBA3F /* Movie_SearchUITestsLaunchTests.swift in Sources */ = {isa = PBXBuildFile; fileRef = 1F3D90742B5995F9007DBA3F /* Movie_SearchUITestsLaunchTests.swift */; };
		1F3D90822B59B4AB007DBA3F /* APIResponse.swift in Sources */ = {isa = PBXBuildFile; fileRef = 1F3D90812B59B4AB007DBA3F /* APIResponse.swift */; };
		1F3D90842B59B4DD007DBA3F /* SearchResult.swift in Sources */ = {isa = PBXBuildFile; fileRef = 1F3D90832B59B4DD007DBA3F /* SearchResult.swift */; };
/* End PBXBuildFile section */

/* Begin PBXContainerItemProxy section */
		1F3D90652B5995F9007DBA3F /* PBXContainerItemProxy */ = {
			isa = PBXContainerItemProxy;
			containerPortal = 1F3D90462B5995F2007DBA3F /* Project object */;
			proxyType = 1;
			remoteGlobalIDString = 1F3D904D2B5995F2007DBA3F;
			remoteInfo = Movie_Search;
		};
		1F3D906F2B5995F9007DBA3F /* PBXContainerItemProxy */ = {
			isa = PBXContainerItemProxy;
			containerPortal = 1F3D90462B5995F2007DBA3F /* Project object */;
			proxyType = 1;
			remoteGlobalIDString = 1F3D904D2B5995F2007DBA3F;
			remoteInfo = Movie_Search;
		};
/* End PBXContainerItemProxy section */

/* Begin PBXFileReference section */
		1F3D904E2B5995F2007DBA3F /* Movie_Search.app */ = {isa = PBXFileReference; explicitFileType = wrapper.application; includeInIndex = 0; path = Movie_Search.app; sourceTree = BUILT_PRODUCTS_DIR; };
		1F3D90512B5995F2007DBA3F /* AppDelegate.swift */ = {isa = PBXFileReference; lastKnownFileType = sourcecode.swift; path = AppDelegate.swift; sourceTree = "<group>"; };
		1F3D90532B5995F2007DBA3F /* SceneDelegate.swift */ = {isa = PBXFileReference; lastKnownFileType = sourcecode.swift; path = SceneDelegate.swift; sourceTree = "<group>"; };
		1F3D90552B5995F2007DBA3F /* ViewController.swift */ = {isa = PBXFileReference; lastKnownFileType = sourcecode.swift; path = ViewController.swift; sourceTree = "<group>"; };
		1F3D90582B5995F2007DBA3F /* Base */ = {isa = PBXFileReference; lastKnownFileType = file.storyboard; name = Base; path = Base.lproj/Main.storyboard; sourceTree = "<group>"; };
		1F3D905A2B5995F9007DBA3F /* Assets.xcassets */ = {isa = PBXFileReference; lastKnownFileType = folder.assetcatalog; path = Assets.xcassets; sourceTree = "<group>"; };
		1F3D905D2B5995F9007DBA3F /* Base */ = {isa = PBXFileReference; lastKnownFileType = file.storyboard; name = Base; path = Base.lproj/LaunchScreen.storyboard; sourceTree = "<group>"; };
		1F3D905F2B5995F9007DBA3F /* Info.plist */ = {isa = PBXFileReference; lastKnownFileType = text.plist.xml; path = Info.plist; sourceTree = "<group>"; };
		1F3D90642B5995F9007DBA3F /* Movie_SearchTests.xctest */ = {isa = PBXFileReference; explicitFileType = wrapper.cfbundle; includeInIndex = 0; path = Movie_SearchTests.xctest; sourceTree = BUILT_PRODUCTS_DIR; };
		1F3D90682B5995F9007DBA3F /* Movie_SearchTests.swift */ = {isa = PBXFileReference; lastKnownFileType = sourcecode.swift; path = Movie_SearchTests.swift; sourceTree = "<group>"; };
		1F3D906E2B5995F9007DBA3F /* Movie_SearchUITests.xctest */ = {isa = PBXFileReference; explicitFileType = wrapper.cfbundle; includeInIndex = 0; path = Movie_SearchUITests.xctest; sourceTree = BUILT_PRODUCTS_DIR; };
		1F3D90722B5995F9007DBA3F /* Movie_SearchUITests.swift */ = {isa = PBXFileReference; lastKnownFileType = sourcecode.swift; path = Movie_SearchUITests.swift; sourceTree = "<group>"; };
		1F3D90742B5995F9007DBA3F /* Movie_SearchUITestsLaunchTests.swift */ = {isa = PBXFileReference; lastKnownFileType = sourcecode.swift; path = Movie_SearchUITestsLaunchTests.swift; sourceTree = "<group>"; };
		1F3D90812B59B4AB007DBA3F /* APIResponse.swift */ = {isa = PBXFileReference; lastKnownFileType = sourcecode.swift; path = APIResponse.swift; sourceTree = "<group>"; };
		1F3D90832B59B4DD007DBA3F /* SearchResult.swift */ = {isa = PBXFileReference; lastKnownFileType = sourcecode.swift; path = SearchResult.swift; sourceTree = "<group>"; };
/* End PBXFileReference section */

/* Begin PBXFrameworksBuildPhase section */
		1F3D904B2B5995F2007DBA3F /* Frameworks */ = {
			isa = PBXFrameworksBuildPhase;
			buildActionMask = 2147483647;
			files = (
			);
			runOnlyForDeploymentPostprocessing = 0;
		};
		1F3D90612B5995F9007DBA3F /* Frameworks */ = {
			isa = PBXFrameworksBuildPhase;
			buildActionMask = 2147483647;
			files = (
			);
			runOnlyForDeploymentPostprocessing = 0;
		};
		1F3D906B2B5995F9007DBA3F /* Frameworks */ = {
			isa = PBXFrameworksBuildPhase;
			buildActionMask = 2147483647;
			files = (
			);
			runOnlyForDeploymentPostprocessing = 0;
		};
/* End PBXFrameworksBuildPhase section */

/* Begin PBXGroup section */
		1F3D90452B5995F2007DBA3F = {
			isa = PBXGroup;
			children = (
				1F3D90502B5995F2007DBA3F /* Movie_Search */,
				1F3D90672B5995F9007DBA3F /* Movie_SearchTests */,
				1F3D90712B5995F9007DBA3F /* Movie_SearchUITests */,
				1F3D904F2B5995F2007DBA3F /* Products */,
			);
			sourceTree = "<group>";
		};
		1F3D904F2B5995F2007DBA3F /* Products */ = {
			isa = PBXGroup;
			children = (
				1F3D904E2B5995F2007DBA3F /* Movie_Search.app */,
				1F3D90642B5995F9007DBA3F /* Movie_SearchTests.xctest */,
				1F3D906E2B5995F9007DBA3F /* Movie_SearchUITests.xctest */,
			);
			name = Products;
			sourceTree = "<group>";
		};
		1F3D90502B5995F2007DBA3F /* Movie_Search */ = {
			isa = PBXGroup;
			children = (
				1F3D90512B5995F2007DBA3F /* AppDelegate.swift */,
				1F3D90532B5995F2007DBA3F /* SceneDelegate.swift */,
				1F3D90552B5995F2007DBA3F /* ViewController.swift */,
				1F3D90572B5995F2007DBA3F /* Main.storyboard */,
				1F3D905A2B5995F9007DBA3F /* Assets.xcassets */,
				1F3D905C2B5995F9007DBA3F /* LaunchScreen.storyboard */,
				1F3D905F2B5995F9007DBA3F /* Info.plist */,
				1F3D90812B59B4AB007DBA3F /* APIResponse.swift */,
				1F3D90832B59B4DD007DBA3F /* SearchResult.swift */,
			);
			path = Movie_Search;
			sourceTree = "<group>";
		};
		1F3D90672B5995F9007DBA3F /* Movie_SearchTests */ = {
			isa = PBXGroup;
			children = (
				1F3D90682B5995F9007DBA3F /* Movie_SearchTests.swift */,
			);
			path = Movie_SearchTests;
			sourceTree = "<group>";
		};
		1F3D90712B5995F9007DBA3F /* Movie_SearchUITests */ = {
			isa = PBXGroup;
			children = (
				1F3D90722B5995F9007DBA3F /* Movie_SearchUITests.swift */,
				1F3D90742B5995F9007DBA3F /* Movie_SearchUITestsLaunchTests.swift */,
			);
			path = Movie_SearchUITests;
			sourceTree = "<group>";
		};
/* End PBXGroup section */

/* Begin PBXNativeTarget section */
		1F3D904D2B5995F2007DBA3F /* Movie_Search */ = {
			isa = PBXNativeTarget;
			buildConfigurationList = 1F3D90782B5995F9007DBA3F /* Build configuration list for PBXNativeTarget "Movie_Search" */;
			buildPhases = (
				1F3D904A2B5995F2007DBA3F /* Sources */,
				1F3D904B2B5995F2007DBA3F /* Frameworks */,
				1F3D904C2B5995F2007DBA3F /* Resources */,
			);
			buildRules = (
			);
			dependencies = (
			);
			name = Movie_Search;
			productName = Movie_Search;
			productReference = 1F3D904E2B5995F2007DBA3F /* Movie_Search.app */;
			productType = "com.apple.product-type.application";
		};
		1F3D90632B5995F9007DBA3F /* Movie_SearchTests */ = {
			isa = PBXNativeTarget;
			buildConfigurationList = 1F3D907B2B5995F9007DBA3F /* Build configuration list for PBXNativeTarget "Movie_SearchTests" */;
			buildPhases = (
				1F3D90602B5995F9007DBA3F /* Sources */,
				1F3D90612B5995F9007DBA3F /* Frameworks */,
				1F3D90622B5995F9007DBA3F /* Resources */,
			);
			buildRules = (
			);
			dependencies = (
				1F3D90662B5995F9007DBA3F /* PBXTargetDependency */,
			);
			name = Movie_SearchTests;
			productName = Movie_SearchTests;
			productReference = 1F3D90642B5995F9007DBA3F /* Movie_SearchTests.xctest */;
			productType = "com.apple.product-type.bundle.unit-test";
		};
		1F3D906D2B5995F9007DBA3F /* Movie_SearchUITests */ = {
			isa = PBXNativeTarget;
			buildConfigurationList = 1F3D907E2B5995F9007DBA3F /* Build configuration list for PBXNativeTarget "Movie_SearchUITests" */;
			buildPhases = (
				1F3D906A2B5995F9007DBA3F /* Sources */,
				1F3D906B2B5995F9007DBA3F /* Frameworks */,
				1F3D906C2B5995F9007DBA3F /* Resources */,
			);
			buildRules = (
			);
			dependencies = (
				1F3D90702B5995F9007DBA3F /* PBXTargetDependency */,
			);
			name = Movie_SearchUITests;
			productName = Movie_SearchUITests;
			productReference = 1F3D906E2B5995F9007DBA3F /* Movie_SearchUITests.xctest */;
			productType = "com.apple.product-type.bundle.ui-testing";
		};
/* End PBXNativeTarget section */

/* Begin PBXProject section */
		1F3D90462B5995F2007DBA3F /* Project object */ = {
			isa = PBXProject;
			attributes = {
				BuildIndependentTargetsInParallel = 1;
				LastSwiftUpdateCheck = 1520;
				LastUpgradeCheck = 1520;
				TargetAttributes = {
					1F3D904D2B5995F2007DBA3F = {
						CreatedOnToolsVersion = 15.2;
					};
					1F3D90632B5995F9007DBA3F = {
						CreatedOnToolsVersion = 15.2;
						TestTargetID = 1F3D904D2B5995F2007DBA3F;
					};
					1F3D906D2B5995F9007DBA3F = {
						CreatedOnToolsVersion = 15.2;
						TestTargetID = 1F3D904D2B5995F2007DBA3F;
					};
				};
			};
			buildConfigurationList = 1F3D90492B5995F2007DBA3F /* Build configuration list for PBXProject "Movie_Search" */;
			compatibilityVersion = "Xcode 14.0";
			developmentRegion = en;
			hasScannedForEncodings = 0;
			knownRegions = (
				en,
				Base,
			);
			mainGroup = 1F3D90452B5995F2007DBA3F;
			productRefGroup = 1F3D904F2B5995F2007DBA3F /* Products */;
			projectDirPath = "";
			projectRoot = "";
			targets = (
				1F3D904D2B5995F2007DBA3F /* Movie_Search */,
				1F3D90632B5995F9007DBA3F /* Movie_SearchTests */,
				1F3D906D2B5995F9007DBA3F /* Movie_SearchUITests */,
			);
		};
/* End PBXProject section */

/* Begin PBXResourcesBuildPhase section */
		1F3D904C2B5995F2007DBA3F /* Resources */ = {
			isa = PBXResourcesBuildPhase;
			buildActionMask = 2147483647;
			files = (
				1F3D905E2B5995F9007DBA3F /* LaunchScreen.storyboard in Resources */,
				1F3D905B2B5995F9007DBA3F /* Assets.xcassets in Resources */,
				1F3D90592B5995F2007DBA3F /* Main.storyboard in Resources */,
			);
			runOnlyForDeploymentPostprocessing = 0;
		};
		1F3D90622B5995F9007DBA3F /* Resources */ = {
			isa = PBXResourcesBuildPhase;
			buildActionMask = 2147483647;
			files = (
			);
			runOnlyForDeploymentPostprocessing = 0;
		};
		1F3D906C2B5995F9007DBA3F /* Resources */ = {
			isa = PBXResourcesBuildPhase;
			buildActionMask = 2147483647;
			files = (
			);
			runOnlyForDeploymentPostprocessing = 0;
		};
/* End PBXResourcesBuildPhase section */

/* Begin PBXSourcesBuildPhase section */
		1F3D904A2B5995F2007DBA3F /* Sources */ = {
			isa = PBXSourcesBuildPhase;
			buildActionMask = 2147483647;
			files = (
				1F3D90562B5995F2007DBA3F /* ViewController.swift in Sources */,
				1F3D90822B59B4AB007DBA3F /* APIResponse.swift in Sources */,
				1F3D90842B59B4DD007DBA3F /* SearchResult.swift in Sources */,
				1F3D90522B5995F2007DBA3F /* AppDelegate.swift in Sources */,
				1F3D90542B5995F2007DBA3F /* SceneDelegate.swift in Sources */,
			);
			runOnlyForDeploymentPostprocessing = 0;
		};
		1F3D90602B5995F9007DBA3F /* Sources */ = {
			isa = PBXSourcesBuildPhase;
			buildActionMask = 2147483647;
			files = (
				1F3D90692B5995F9007DBA3F /* Movie_SearchTests.swift in Sources */,
			);
			runOnlyForDeploymentPostprocessing = 0;
		};
		1F3D906A2B5995F9007DBA3F /* Sources */ = {
			isa = PBXSourcesBuildPhase;
			buildActionMask = 2147483647;
			files = (
				1F3D90732B5995F9007DBA3F /* Movie_SearchUITests.swift in Sources */,
				1F3D90752B5995F9007DBA3F /* Movie_SearchUITestsLaunchTests.swift in Sources */,
			);
			runOnlyForDeploymentPostprocessing = 0;
		};
/* End PBXSourcesBuildPhase section */

/* Begin PBXTargetDependency section */
		1F3D90662B5995F9007DBA3F /* PBXTargetDependency */ = {
			isa = PBXTargetDependency;
			target = 1F3D904D2B5995F2007DBA3F /* Movie_Search */;
			targetProxy = 1F3D90652B5995F9007DBA3F /* PBXContainerItemProxy */;
		};
		1F3D90702B5995F9007DBA3F /* PBXTargetDependency */ = {
			isa = PBXTargetDependency;
			target = 1F3D904D2B5995F2007DBA3F /* Movie_Search */;
			targetProxy = 1F3D906F2B5995F9007DBA3F /* PBXContainerItemProxy */;
		};
/* End PBXTargetDependency section */

/* Begin PBXVariantGroup section */
		1F3D90572B5995F2007DBA3F /* Main.storyboard */ = {
			isa = PBXVariantGroup;
			children = (
				1F3D90582B5995F2007DBA3F /* Base */,
			);
			name = Main.storyboard;
			sourceTree = "<group>";
		};
		1F3D905C2B5995F9007DBA3F /* LaunchScreen.storyboard */ = {
			isa = PBXVariantGroup;
			children = (
				1F3D905D2B5995F9007DBA3F /* Base */,
			);
			name = LaunchScreen.storyboard;
			sourceTree = "<group>";
		};
/* End PBXVariantGroup section */

/* Begin XCBuildConfiguration section */
		1F3D90762B5995F9007DBA3F /* Debug */ = {
			isa = XCBuildConfiguration;
			buildSettings = {
				ALWAYS_SEARCH_USER_PATHS = NO;
				ASSETCATALOG_COMPILER_GENERATE_SWIFT_ASSET_SYMBOL_EXTENSIONS = YES;
				CLANG_ANALYZER_NONNULL = YES;
				CLANG_ANALYZER_NUMBER_OBJECT_CONVERSION = YES_AGGRESSIVE;
				CLANG_CXX_LANGUAGE_STANDARD = "gnu++20";
				CLANG_ENABLE_MODULES = YES;
				CLANG_ENABLE_OBJC_ARC = YES;
				CLANG_ENABLE_OBJC_WEAK = YES;
				CLANG_WARN_BLOCK_CAPTURE_AUTORELEASING = YES;
				CLANG_WARN_BOOL_CONVERSION = YES;
				CLANG_WARN_COMMA = YES;
				CLANG_WARN_CONSTANT_CONVERSION = YES;
				CLANG_WARN_DEPRECATED_OBJC_IMPLEMENTATIONS = YES;
				CLANG_WARN_DIRECT_OBJC_ISA_USAGE = YES_ERROR;
				CLANG_WARN_DOCUMENTATION_COMMENTS = YES;
				CLANG_WARN_EMPTY_BODY = YES;
				CLANG_WARN_ENUM_CONVERSION = YES;
				CLANG_WARN_INFINITE_RECURSION = YES;
				CLANG_WARN_INT_CONVERSION = YES;
				CLANG_WARN_NON_LITERAL_NULL_CONVERSION = YES;
				CLANG_WARN_OBJC_IMPLICIT_RETAIN_SELF = YES;
				CLANG_WARN_OBJC_LITERAL_CONVERSION = YES;
				CLANG_WARN_OBJC_ROOT_CLASS = YES_ERROR;
				CLANG_WARN_QUOTED_INCLUDE_IN_FRAMEWORK_HEADER = YES;
				CLANG_WARN_RANGE_LOOP_ANALYSIS = YES;
				CLANG_WARN_STRICT_PROTOTYPES = YES;
				CLANG_WARN_SUSPICIOUS_MOVE = YES;
				CLANG_WARN_UNGUARDED_AVAILABILITY = YES_AGGRESSIVE;
				CLANG_WARN_UNREACHABLE_CODE = YES;
				CLANG_WARN__DUPLICATE_METHOD_MATCH = YES;
				COPY_PHASE_STRIP = NO;
				DEBUG_INFORMATION_FORMAT = dwarf;
				ENABLE_STRICT_OBJC_MSGSEND = YES;
				ENABLE_TESTABILITY = YES;
				ENABLE_USER_SCRIPT_SANDBOXING = YES;
				GCC_C_LANGUAGE_STANDARD = gnu17;
				GCC_DYNAMIC_NO_PIC = NO;
				GCC_NO_COMMON_BLOCKS = YES;
				GCC_OPTIMIZATION_LEVEL = 0;
				GCC_PREPROCESSOR_DEFINITIONS = (
					"DEBUG=1",
					"$(inherited)",
				);
				GCC_WARN_64_TO_32_BIT_CONVERSION = YES;
				GCC_WARN_ABOUT_RETURN_TYPE = YES_ERROR;
				GCC_WARN_UNDECLARED_SELECTOR = YES;
				GCC_WARN_UNINITIALIZED_AUTOS = YES_AGGRESSIVE;
				GCC_WARN_UNUSED_FUNCTION = YES;
				GCC_WARN_UNUSED_VARIABLE = YES;
				IPHONEOS_DEPLOYMENT_TARGET = 17.2;
				LOCALIZATION_PREFERS_STRING_CATALOGS = YES;
				MTL_ENABLE_DEBUG_INFO = INCLUDE_SOURCE;
				MTL_FAST_MATH = YES;
				ONLY_ACTIVE_ARCH = YES;
				SDKROOT = iphoneos;
				SWIFT_ACTIVE_COMPILATION_CONDITIONS = "DEBUG $(inherited)";
				SWIFT_OPTIMIZATION_LEVEL = "-Onone";
			};
			name = Debug;
		};
		1F3D90772B5995F9007DBA3F /* Release */ = {
			isa = XCBuildConfiguration;
			buildSettings = {
				ALWAYS_SEARCH_USER_PATHS = NO;
				ASSETCATALOG_COMPILER_GENERATE_SWIFT_ASSET_SYMBOL_EXTENSIONS = YES;
				CLANG_ANALYZER_NONNULL = YES;
				CLANG_ANALYZER_NUMBER_OBJECT_CONVERSION = YES_AGGRESSIVE;
				CLANG_CXX_LANGUAGE_STANDARD = "gnu++20";
				CLANG_ENABLE_MODULES = YES;
				CLANG_ENABLE_OBJC_ARC = YES;
				CLANG_ENABLE_OBJC_WEAK = YES;
				CLANG_WARN_BLOCK_CAPTURE_AUTORELEASING = YES;
				CLANG_WARN_BOOL_CONVERSION = YES;
				CLANG_WARN_COMMA = YES;
				CLANG_WARN_CONSTANT_CONVERSION = YES;
				CLANG_WARN_DEPRECATED_OBJC_IMPLEMENTATIONS = YES;
				CLANG_WARN_DIRECT_OBJC_ISA_USAGE = YES_ERROR;
				CLANG_WARN_DOCUMENTATION_COMMENTS = YES;
				CLANG_WARN_EMPTY_BODY = YES;
				CLANG_WARN_ENUM_CONVERSION = YES;
				CLANG_WARN_INFINITE_RECURSION = YES;
				CLANG_WARN_INT_CONVERSION = YES;
				CLANG_WARN_NON_LITERAL_NULL_CONVERSION = YES;
				CLANG_WARN_OBJC_IMPLICIT_RETAIN_SELF = YES;
				CLANG_WARN_OBJC_LITERAL_CONVERSION = YES;
				CLANG_WARN_OBJC_ROOT_CLASS = YES_ERROR;
				CLANG_WARN_QUOTED_INCLUDE_IN_FRAMEWORK_HEADER = YES;
				CLANG_WARN_RANGE_LOOP_ANALYSIS = YES;
				CLANG_WARN_STRICT_PROTOTYPES = YES;
				CLANG_WARN_SUSPICIOUS_MOVE = YES;
				CLANG_WARN_UNGUARDED_AVAILABILITY = YES_AGGRESSIVE;
				CLANG_WARN_UNREACHABLE_CODE = YES;
				CLANG_WARN__DUPLICATE_METHOD_MATCH = YES;
				COPY_PHASE_STRIP = NO;
				DEBUG_INFORMATION_FORMAT = "dwarf-with-dsym";
				ENABLE_NS_ASSERTIONS = NO;
				ENABLE_STRICT_OBJC_MSGSEND = YES;
				ENABLE_USER_SCRIPT_SANDBOXING = YES;
				GCC_C_LANGUAGE_STANDARD = gnu17;
				GCC_NO_COMMON_BLOCKS = YES;
				GCC_WARN_64_TO_32_BIT_CONVERSION = YES;
				GCC_WARN_ABOUT_RETURN_TYPE = YES_ERROR;
				GCC_WARN_UNDECLARED_SELECTOR = YES;
				GCC_WARN_UNINITIALIZED_AUTOS = YES_AGGRESSIVE;
				GCC_WARN_UNUSED_FUNCTION = YES;
				GCC_WARN_UNUSED_VARIABLE = YES;
				IPHONEOS_DEPLOYMENT_TARGET = 17.2;
				LOCALIZATION_PREFERS_STRING_CATALOGS = YES;
				MTL_ENABLE_DEBUG_INFO = NO;
				MTL_FAST_MATH = YES;
				SDKROOT = iphoneos;
				SWIFT_COMPILATION_MODE = wholemodule;
				VALIDATE_PRODUCT = YES;
			};
			name = Release;
		};
		1F3D90792B5995F9007DBA3F /* Debug */ = {
			isa = XCBuildConfiguration;
			buildSettings = {
				ASSETCATALOG_COMPILER_APPICON_NAME = AppIcon;
				ASSETCATALOG_COMPILER_GLOBAL_ACCENT_COLOR_NAME = AccentColor;
				CODE_SIGN_STYLE = Automatic;
				CURRENT_PROJECT_VERSION = 1;
				GENERATE_INFOPLIST_FILE = YES;
				INFOPLIST_FILE = Movie_Search/Info.plist;
				INFOPLIST_KEY_UIApplicationSupportsIndirectInputEvents = YES;
				INFOPLIST_KEY_UILaunchStoryboardName = LaunchScreen;
				INFOPLIST_KEY_UIMainStoryboardFile = Main;
				INFOPLIST_KEY_UISupportedInterfaceOrientations_iPad = "UIInterfaceOrientationPortrait UIInterfaceOrientationPortraitUpsideDown UIInterfaceOrientationLandscapeLeft UIInterfaceOrientationLandscapeRight";
				INFOPLIST_KEY_UISupportedInterfaceOrientations_iPhone = "UIInterfaceOrientationPortrait UIInterfaceOrientationLandscapeLeft UIInterfaceOrientationLandscapeRight";
				LD_RUNPATH_SEARCH_PATHS = (
					"$(inherited)",
					"@executable_path/Frameworks",
				);
				MARKETING_VERSION = 1.0;
				PRODUCT_BUNDLE_IDENTIFIER = "vemula.Movie-Search";
				PRODUCT_NAME = "$(TARGET_NAME)";
				SWIFT_EMIT_LOC_STRINGS = YES;
				SWIFT_VERSION = 5.0;
				TARGETED_DEVICE_FAMILY = "1,2";
			};
			name = Debug;
		};
		1F3D907A2B5995F9007DBA3F /* Release */ = {
			isa = XCBuildConfiguration;
			buildSettings = {
				ASSETCATALOG_COMPILER_APPICON_NAME = AppIcon;
				ASSETCATALOG_COMPILER_GLOBAL_ACCENT_COLOR_NAME = AccentColor;
				CODE_SIGN_STYLE = Automatic;
				CURRENT_PROJECT_VERSION = 1;
				GENERATE_INFOPLIST_FILE = YES;
				INFOPLIST_FILE = Movie_Search/Info.plist;
				INFOPLIST_KEY_UIApplicationSupportsIndirectInputEvents = YES;
				INFOPLIST_KEY_UILaunchStoryboardName = LaunchScreen;
				INFOPLIST_KEY_UIMainStoryboardFile = Main;
				INFOPLIST_KEY_UISupportedInterfaceOrientations_iPad = "UIInterfaceOrientationPortrait UIInterfaceOrientationPortraitUpsideDown UIInterfaceOrientationLandscapeLeft UIInterfaceOrientationLandscapeRight";
				INFOPLIST_KEY_UISupportedInterfaceOrientations_iPhone = "UIInterfaceOrientationPortrait UIInterfaceOrientationLandscapeLeft UIInterfaceOrientationLandscapeRight";
				LD_RUNPATH_SEARCH_PATHS = (
					"$(inherited)",
					"@executable_path/Frameworks",
				);
				MARKETING_VERSION = 1.0;
				PRODUCT_BUNDLE_IDENTIFIER = "vemula.Movie-Search";
				PRODUCT_NAME = "$(TARGET_NAME)";
				SWIFT_EMIT_LOC_STRINGS = YES;
				SWIFT_VERSION = 5.0;
				TARGETED_DEVICE_FAMILY = "1,2";
			};
			name = Release;
		};
		1F3D907C2B5995F9007DBA3F /* Debug */ = {
			isa = XCBuildConfiguration;
			buildSettings = {
				ALWAYS_EMBED_SWIFT_STANDARD_LIBRARIES = YES;
				BUNDLE_LOADER = "$(TEST_HOST)";
				CODE_SIGN_STYLE = Automatic;
				CURRENT_PROJECT_VERSION = 1;
				GENERATE_INFOPLIST_FILE = YES;
				IPHONEOS_DEPLOYMENT_TARGET = 17.2;
				MARKETING_VERSION = 1.0;
				PRODUCT_BUNDLE_IDENTIFIER = "vemula.Movie-SearchTests";
				PRODUCT_NAME = "$(TARGET_NAME)";
				SWIFT_EMIT_LOC_STRINGS = NO;
				SWIFT_VERSION = 5.0;
				TARGETED_DEVICE_FAMILY = "1,2";
				TEST_HOST = "$(BUILT_PRODUCTS_DIR)/Movie_Search.app/$(BUNDLE_EXECUTABLE_FOLDER_PATH)/Movie_Search";
			};
			name = Debug;
		};
		1F3D907D2B5995F9007DBA3F /* Release */ = {
			isa = XCBuildConfiguration;
			buildSettings = {
				ALWAYS_EMBED_SWIFT_STANDARD_LIBRARIES = YES;
				BUNDLE_LOADER = "$(TEST_HOST)";
				CODE_SIGN_STYLE = Automatic;
				CURRENT_PROJECT_VERSION = 1;
				GENERATE_INFOPLIST_FILE = YES;
				IPHONEOS_DEPLOYMENT_TARGET = 17.2;
				MARKETING_VERSION = 1.0;
				PRODUCT_BUNDLE_IDENTIFIER = "vemula.Movie-SearchTests";
				PRODUCT_NAME = "$(TARGET_NAME)";
				SWIFT_EMIT_LOC_STRINGS = NO;
				SWIFT_VERSION = 5.0;
				TARGETED_DEVICE_FAMILY = "1,2";
				TEST_HOST = "$(BUILT_PRODUCTS_DIR)/Movie_Search.app/$(BUNDLE_EXECUTABLE_FOLDER_PATH)/Movie_Search";
			};
			name = Release;
		};
		1F3D907F2B5995F9007DBA3F /* Debug */ = {
			isa = XCBuildConfiguration;
			buildSettings = {
				ALWAYS_EMBED_SWIFT_STANDARD_LIBRARIES = YES;
				CODE_SIGN_STYLE = Automatic;
				CURRENT_PROJECT_VERSION = 1;
				GENERATE_INFOPLIST_FILE = YES;
				MARKETING_VERSION = 1.0;
				PRODUCT_BUNDLE_IDENTIFIER = "vemula.Movie-SearchUITests";
				PRODUCT_NAME = "$(TARGET_NAME)";
				SWIFT_EMIT_LOC_STRINGS = NO;
				SWIFT_VERSION = 5.0;
				TARGETED_DEVICE_FAMILY = "1,2";
				TEST_TARGET_NAME = Movie_Search;
			};
			name = Debug;
		};
		1F3D90802B5995F9007DBA3F /* Release */ = {
			isa = XCBuildConfiguration;
			buildSettings = {
				ALWAYS_EMBED_SWIFT_STANDARD_LIBRARIES = YES;
				CODE_SIGN_STYLE = Automatic;
				CURRENT_PROJECT_VERSION = 1;
				GENERATE_INFOPLIST_FILE = YES;
				MARKETING_VERSION = 1.0;
				PRODUCT_BUNDLE_IDENTIFIER = "vemula.Movie-SearchUITests";
				PRODUCT_NAME = "$(TARGET_NAME)";
				SWIFT_EMIT_LOC_STRINGS = NO;
				SWIFT_VERSION = 5.0;
				TARGETED_DEVICE_FAMILY = "1,2";
				TEST_TARGET_NAME = Movie_Search;
			};
			name = Release;
		};
/* End XCBuildConfiguration section */

/* Begin XCConfigurationList section */
		1F3D90492B5995F2007DBA3F /* Build configuration list for PBXProject "Movie_Search" */ = {
			isa = XCConfigurationList;
			buildConfigurations = (
				1F3D90762B5995F9007DBA3F /* Debug */,
				1F3D90772B5995F9007DBA3F /* Release */,
			);
			defaultConfigurationIsVisible = 0;
			defaultConfigurationName = Release;
		};
		1F3D90782B5995F9007DBA3F /* Build configuration list for PBXNativeTarget "Movie_Search" */ = {
			isa = XCConfigurationList;
			buildConfigurations = (
				1F3D90792B5995F9007DBA3F /* Debug */,
				1F3D907A2B5995F9007DBA3F /* Release */,
			);
			defaultConfigurationIsVisible = 0;
			defaultConfigurationName = Release;
		};
		1F3D907B2B5995F9007DBA3F /* Build configuration list for PBXNativeTarget "Movie_SearchTests" */ = {
			isa = XCConfigurationList;
			buildConfigurations = (
				1F3D907C2B5995F9007DBA3F /* Debug */,
				1F3D907D2B5995F9007DBA3F /* Release */,
			);
			defaultConfigurationIsVisible = 0;
			defaultConfigurationName = Release;
		};
		1F3D907E2B5995F9007DBA3F /* Build configuration list for PBXNativeTarget "Movie_SearchUITests" */ = {
			isa = XCConfigurationList;
			buildConfigurations = (
				1F3D907F2B5995F9007DBA3F /* Debug */,
				1F3D90802B5995F9007DBA3F /* Release */,
			);
			defaultConfigurationIsVisible = 0;
			defaultConfigurationName = Release;
		};
/* End XCConfigurationList section */
	};
	rootObject = 1F3D90462B5995F2007DBA3F /* Project object */;
}
